{
  "nodes": {
    "fenix": {
      "inputs": {
        "nixpkgs": [
          "nixpkgs"
        ],
        "rust-analyzer-src": "rust-analyzer-src"
      },
      "locked": {
        "lastModified": 1754635447,
        "narHash": "sha256-lslpNlJacd38xcTjS0j2CamRQ1XBbT8CEcVPBXTUFJQ=",
        "owner": "nix-community",
        "repo": "fenix",
        "rev": "8eff3e316c68c36eb783f49a13bb500755c4b544",
        "type": "github"
      },
      "original": {
        "owner": "nix-community",
        "repo": "fenix",
        "type": "github"
      }
    },
    "flake-utils": {
      "inputs": {
        "systems": "systems"
      },
      "locked": {
        "lastModified": 1731533236,
        "narHash": "sha256-l0KFg5HjrsfsO/JpG+r7fRrqm12kzFHyUHqHCVpMMbI=",
        "owner": "numtide",
        "repo": "flake-utils",
        "rev": "11707dc2f618dd54ca8739b309ec4fc024de578b",
        "type": "github"
      },
      "original": {
        "owner": "numtide",
        "repo": "flake-utils",
        "type": "github"
      }
    },
    "helix": {
      "flake": false,
      "locked": {
        "lastModified": 1752849097,
        "narHash": "sha256-RFSzGAcB0mMg/02ykYfTWXzQjLFu2CJ4BkS5HZ/6pBo=",
        "owner": "helix-editor",
        "repo": "helix",
        "rev": "a05c151bb6e8e9c65ec390b0ae2afe7a5efd619b",
        "type": "github"
      },
      "original": {
        "owner": "helix-editor",
        "ref": "25.07.1",
        "repo": "helix",
        "type": "github"
      }
    },
    "nixpkgs": {
      "locked": {
        "lastModified": 1754651824,
        "narHash": "sha256-aB7ft6njy9EJfuW+rdToNChfRrHNRw/yTg5cSEnG+HI=",
        "owner": "NixOS",
        "repo": "nixpkgs",
        "rev": "b069b7c1e2fe1a3a24221428558bf44128d3d5c8",
        "type": "github"
      },
      "original": {
        "owner": "NixOS",
        "ref": "nixpkgs-unstable",
        "repo": "nixpkgs",
        "type": "github"
      }
    },
    "root": {
      "inputs": {
        "fenix": "fenix",
        "flake-utils": "flake-utils",
        "helix": "helix",
        "nixpkgs": "nixpkgs",
        "zed": "zed"
      }
    },
    "rust-analyzer-src": {
      "flake": false,
      "locked": {
        "lastModified": 1754573113,
        "narHash": "sha256-rGSOEooq0u38dzvn677G14DGm3ue9UDQ9c1E4qyfcuU=",
        "owner": "rust-lang",
        "repo": "rust-analyzer",
        "rev": "caef0f46fd97175e6c1894189689c098c4cb536f",
        "type": "github"
      },
      "original": {
        "owner": "rust-lang",
        "ref": "nightly",
        "repo": "rust-analyzer",
        "type": "github"
      }
    },
    "systems": {
      "locked": {
        "lastModified": 1681028828,
        "narHash": "sha256-Vy1rq5AaRuLzOxct8nz4T6wlgyUR7zLU309k9mBC768=",
        "owner": "nix-systems",
        "repo": "default",
        "rev": "da67096a3b9bf56a91d16901293e51ba5b49a27e",
        "type": "github"
      },
      "original": {
        "owner": "nix-systems",
        "repo": "default",
        "type": "github"
      }
    },
    "zed": {
      "flake": false,
      "locked": {
        "lastModified": 1754071695,
        "narHash": "sha256-7uOOR2PtArkDDWPAIYG8F4SzrmtUUQQvAbTPrERNx0w=",
        "owner": "zed-industries",
        "repo": "zed",
        "rev": "faa45c53d7754cfdd91d2f7edd3c786abc703ec7",
        "type": "github"
      },
      "original": {
        "owner": "zed-industries",
        "repo": "zed",
        "rev": "faa45c53d7754cfdd91d2f7edd3c786abc703ec7",
        "type": "github"
      }
    }
  },
  "root": "root",
  "version": 7
}
